
Microsoft Visual Studio Solution File, Format Version 12.00
# Visual Studio Version 16
VisualStudioVersion = 16.0.31112.23
MinimumVisualStudioVersion = 10.0.40219.1
Project("{FAE04EC0-301F-11D3-BF4B-00C04F79EFBC}") = "BookApplication", "BookApplication\BookApplication.csproj", "{A1F8C7A5-84B8-4E85-8391-73B7F2AF5969}"
EndProject
Global
	GlobalSection(SolutionConfigurationPlatforms) = preSolution
		Debug|Any CPU = Debug|Any CPU
		Release|Any CPU = Release|Any CPU
	EndGlobalSection
	GlobalSection(ProjectConfigurationPlatforms) = postSolution
		{A1F8C7A5-84B8-4E85-8391-73B7F2AF5969}.Debug|Any CPU.ActiveCfg = Debug|Any CPU
		{A1F8C7A5-84B8-4E85-8391-73B7F2AF5969}.Debug|Any CPU.Build.0 = Debug|Any CPU
		{A1F8C7A5-84B8-4E85-8391-73B7F2AF5969}.Release|Any CPU.ActiveCfg = Release|Any CPU
		{A1F8C7A5-84B8-4E85-8391-73B7F2AF5969}.Release|Any CPU.Build.0 = Release|Any CPU
	EndGlobalSection
	GlobalSection(SolutionProperties) = preSolution
		HideSolutionNode = FALSE
	EndGlobalSection
	GlobalSection(ExtensibilityGlobals) = postSolution
		SolutionGuid = {CEA118F3-EA88-492F-8A08-39D6C45E9674}
	EndGlobalSection
EndGlobal
